
Microsoft Visual Studio Solution File, Format Version 12.00
# Visual Studio Version 16
VisualStudioVersion = 16.0.29709.97
MinimumVisualStudioVersion = 10.0.40219.1
Project("{FAE04EC0-301F-11D3-BF4B-00C04F79EFBC}") = "AigisCutter", "AigisCutter.csproj", "{D448AA32-3F9E-4845-BFB7-E4FA98657390}"
EndProject
Global
	GlobalSection(SolutionConfigurationPlatforms) = preSolution
		Debug|Any CPU = Debug|Any CPU
		Release|Any CPU = Release|Any CPU
	EndGlobalSection
	GlobalSection(ProjectConfigurationPlatforms) = postSolution
		{D448AA32-3F9E-4845-BFB7-E4FA98657390}.Debug|Any CPU.ActiveCfg = Debug|Any CPU
		{D448AA32-3F9E-4845-BFB7-E4FA98657390}.Debug|Any CPU.Build.0 = Debug|Any CPU
		{D448AA32-3F9E-4845-BFB7-E4FA98657390}.Release|Any CPU.ActiveCfg = Release|Any CPU
		{D448AA32-3F9E-4845-BFB7-E4FA98657390}.Release|Any CPU.Build.0 = Release|Any CPU
	EndGlobalSection
	GlobalSection(SolutionProperties) = preSolution
		HideSolutionNode = FALSE
	EndGlobalSection
	GlobalSection(ExtensibilityGlobals) = postSolution
		SolutionGuid = {68C54713-2698-4446-B1B1-F0825BE00C5A}
	EndGlobalSection
EndGlobal
